
Microsoft Visual Studio Solution File, Format Version 12.00
# Visual Studio Express 14 for Web
VisualStudioVersion = 14.0.24720.0
MinimumVisualStudioVersion = 10.0.40219.1
Project("{FAE04EC0-301F-11D3-BF4B-00C04F79EFBC}") = "ContribeTest", "ContribeTest\ContribeTest.csproj", "{A68855FF-C468-430C-813E-C00253BD2756}"
EndProject
Project("{FAE04EC0-301F-11D3-BF4B-00C04F79EFBC}") = "ContribeWinForms", "ContribeWinForms\ContribeWinForms.csproj", "{76C72530-28A9-404D-A0ED-477C5A6472E4}"
	ProjectSection(ProjectDependencies) = postProject
		{0F4AECE1-E212-4EEF-83EB-15D039997D56} = {0F4AECE1-E212-4EEF-83EB-15D039997D56}
	EndProjectSection
EndProject
Project("{FAE04EC0-301F-11D3-BF4B-00C04F79EFBC}") = "ContribeServer", "ContribeServer\ContribeServer.csproj", "{0ADBD0A4-A047-4A5D-9018-C67249D00141}"
EndProject
Project("{2150E333-8FDC-42A3-9474-1A3956D46DE8}") = "Solution Items", "Solution Items", "{A3D3C2E4-5130-4627-9D45-373E6C0E1558}"
	ProjectSection(SolutionItems) = preProject
		Readme.txt = Readme.txt
	EndProjectSection
EndProject
Project("{FAE04EC0-301F-11D3-BF4B-00C04F79EFBC}") = "ContribeClient", "ContribeClient\ContribeClient.csproj", "{3363DE21-8371-449A-82CC-B174FEF56045}"
EndProject
Project("{FAE04EC0-301F-11D3-BF4B-00C04F79EFBC}") = "ContribeCommon", "ContribeCommon\ContribeCommon.csproj", "{3C3022F4-C33F-40CE-AB7F-7689B2622D0D}"
EndProject
Project("{FAE04EC0-301F-11D3-BF4B-00C04F79EFBC}") = "ContribeInterface", "ContribeInterface\ContribeInterface.csproj", "{79F30462-D898-433A-A73B-D69098EE0E5F}"
EndProject
Project("{FAE04EC0-301F-11D3-BF4B-00C04F79EFBC}") = "ContribeWeb", "ContribeWeb\ContribeWeb.csproj", "{ADE7BF76-1A15-4221-8354-C3C2FDABAA10}"
EndProject
Global
	GlobalSection(SolutionConfigurationPlatforms) = preSolution
		Debug|Any CPU = Debug|Any CPU
		Debug|x86 = Debug|x86
		Release|Any CPU = Release|Any CPU
		Release|x86 = Release|x86
	EndGlobalSection
	GlobalSection(ProjectConfigurationPlatforms) = postSolution
		{0F4AECE1-E212-4EEF-83EB-15D039997D56}.Debug|Any CPU.ActiveCfg = Debug|Any CPU
		{0F4AECE1-E212-4EEF-83EB-15D039997D56}.Debug|Any CPU.Build.0 = Debug|Any CPU
		{0F4AECE1-E212-4EEF-83EB-15D039997D56}.Debug|x86.ActiveCfg = Debug|Any CPU
		{0F4AECE1-E212-4EEF-83EB-15D039997D56}.Debug|x86.Build.0 = Debug|Any CPU
		{0F4AECE1-E212-4EEF-83EB-15D039997D56}.Release|Any CPU.ActiveCfg = Release|Any CPU
		{0F4AECE1-E212-4EEF-83EB-15D039997D56}.Release|Any CPU.Build.0 = Release|Any CPU
		{0F4AECE1-E212-4EEF-83EB-15D039997D56}.Release|x86.ActiveCfg = Release|Any CPU
		{0F4AECE1-E212-4EEF-83EB-15D039997D56}.Release|x86.Build.0 = Release|Any CPU
		{A68855FF-C468-430C-813E-C00253BD2756}.Debug|Any CPU.ActiveCfg = Debug|Any CPU
		{A68855FF-C468-430C-813E-C00253BD2756}.Debug|Any CPU.Build.0 = Debug|Any CPU
		{A68855FF-C468-430C-813E-C00253BD2756}.Debug|x86.ActiveCfg = Debug|Any CPU
		{A68855FF-C468-430C-813E-C00253BD2756}.Debug|x86.Build.0 = Debug|Any CPU
		{A68855FF-C468-430C-813E-C00253BD2756}.Release|Any CPU.ActiveCfg = Release|Any CPU
		{A68855FF-C468-430C-813E-C00253BD2756}.Release|Any CPU.Build.0 = Release|Any CPU
		{A68855FF-C468-430C-813E-C00253BD2756}.Release|x86.ActiveCfg = Release|Any CPU
		{A68855FF-C468-430C-813E-C00253BD2756}.Release|x86.Build.0 = Release|Any CPU
		{76C72530-28A9-404D-A0ED-477C5A6472E4}.Debug|Any CPU.ActiveCfg = Debug|x86
		{76C72530-28A9-404D-A0ED-477C5A6472E4}.Debug|x86.ActiveCfg = Debug|x86
		{76C72530-28A9-404D-A0ED-477C5A6472E4}.Debug|x86.Build.0 = Debug|x86
		{76C72530-28A9-404D-A0ED-477C5A6472E4}.Release|Any CPU.ActiveCfg = Release|x86
		{76C72530-28A9-404D-A0ED-477C5A6472E4}.Release|x86.ActiveCfg = Release|x86
		{76C72530-28A9-404D-A0ED-477C5A6472E4}.Release|x86.Build.0 = Release|x86
		{0ADBD0A4-A047-4A5D-9018-C67249D00141}.Debug|Any CPU.ActiveCfg = Debug|Any CPU
		{0ADBD0A4-A047-4A5D-9018-C67249D00141}.Debug|Any CPU.Build.0 = Debug|Any CPU
		{0ADBD0A4-A047-4A5D-9018-C67249D00141}.Debug|x86.ActiveCfg = Debug|Any CPU
		{0ADBD0A4-A047-4A5D-9018-C67249D00141}.Debug|x86.Build.0 = Debug|Any CPU
		{0ADBD0A4-A047-4A5D-9018-C67249D00141}.Release|Any CPU.ActiveCfg = Release|Any CPU
		{0ADBD0A4-A047-4A5D-9018-C67249D00141}.Release|Any CPU.Build.0 = Release|Any CPU
		{0ADBD0A4-A047-4A5D-9018-C67249D00141}.Release|x86.ActiveCfg = Release|Any CPU
		{0ADBD0A4-A047-4A5D-9018-C67249D00141}.Release|x86.Build.0 = Release|Any CPU
		{3363DE21-8371-449A-82CC-B174FEF56045}.Debug|Any CPU.ActiveCfg = Debug|Any CPU
		{3363DE21-8371-449A-82CC-B174FEF56045}.Debug|Any CPU.Build.0 = Debug|Any CPU
		{3363DE21-8371-449A-82CC-B174FEF56045}.Debug|x86.ActiveCfg = Debug|Any CPU
		{3363DE21-8371-449A-82CC-B174FEF56045}.Debug|x86.Build.0 = Debug|Any CPU
		{3363DE21-8371-449A-82CC-B174FEF56045}.Release|Any CPU.ActiveCfg = Release|Any CPU
		{3363DE21-8371-449A-82CC-B174FEF56045}.Release|Any CPU.Build.0 = Release|Any CPU
		{3363DE21-8371-449A-82CC-B174FEF56045}.Release|x86.ActiveCfg = Release|Any CPU
		{3363DE21-8371-449A-82CC-B174FEF56045}.Release|x86.Build.0 = Release|Any CPU
		{3C3022F4-C33F-40CE-AB7F-7689B2622D0D}.Debug|Any CPU.ActiveCfg = Debug|Any CPU
		{3C3022F4-C33F-40CE-AB7F-7689B2622D0D}.Debug|Any CPU.Build.0 = Debug|Any CPU
		{3C3022F4-C33F-40CE-AB7F-7689B2622D0D}.Debug|x86.ActiveCfg = Debug|Any CPU
		{3C3022F4-C33F-40CE-AB7F-7689B2622D0D}.Debug|x86.Build.0 = Debug|Any CPU
		{3C3022F4-C33F-40CE-AB7F-7689B2622D0D}.Release|Any CPU.ActiveCfg = Release|Any CPU
		{3C3022F4-C33F-40CE-AB7F-7689B2622D0D}.Release|Any CPU.Build.0 = Release|Any CPU
		{3C3022F4-C33F-40CE-AB7F-7689B2622D0D}.Release|x86.ActiveCfg = Release|Any CPU
		{3C3022F4-C33F-40CE-AB7F-7689B2622D0D}.Release|x86.Build.0 = Release|Any CPU
		{79F30462-D898-433A-A73B-D69098EE0E5F}.Debug|Any CPU.ActiveCfg = Debug|Any CPU
		{79F30462-D898-433A-A73B-D69098EE0E5F}.Debug|Any CPU.Build.0 = Debug|Any CPU
		{79F30462-D898-433A-A73B-D69098EE0E5F}.Debug|x86.ActiveCfg = Debug|Any CPU
		{79F30462-D898-433A-A73B-D69098EE0E5F}.Debug|x86.Build.0 = Debug|Any CPU
		{79F30462-D898-433A-A73B-D69098EE0E5F}.Release|Any CPU.ActiveCfg = Release|Any CPU
		{79F30462-D898-433A-A73B-D69098EE0E5F}.Release|Any CPU.Build.0 = Release|Any CPU
		{79F30462-D898-433A-A73B-D69098EE0E5F}.Release|x86.ActiveCfg = Release|Any CPU
		{79F30462-D898-433A-A73B-D69098EE0E5F}.Release|x86.Build.0 = Release|Any CPU
		{ADE7BF76-1A15-4221-8354-C3C2FDABAA10}.Debug|Any CPU.ActiveCfg = Debug|Any CPU
		{ADE7BF76-1A15-4221-8354-C3C2FDABAA10}.Debug|Any CPU.Build.0 = Debug|Any CPU
		{ADE7BF76-1A15-4221-8354-C3C2FDABAA10}.Debug|x86.ActiveCfg = Debug|Any CPU
		{ADE7BF76-1A15-4221-8354-C3C2FDABAA10}.Debug|x86.Build.0 = Debug|Any CPU
		{ADE7BF76-1A15-4221-8354-C3C2FDABAA10}.Release|Any CPU.ActiveCfg = Release|Any CPU
		{ADE7BF76-1A15-4221-8354-C3C2FDABAA10}.Release|Any CPU.Build.0 = Release|Any CPU
		{ADE7BF76-1A15-4221-8354-C3C2FDABAA10}.Release|x86.ActiveCfg = Release|Any CPU
		{ADE7BF76-1A15-4221-8354-C3C2FDABAA10}.Release|x86.Build.0 = Release|Any CPU
	EndGlobalSection
	GlobalSection(SolutionProperties) = preSolution
		HideSolutionNode = FALSE
	EndGlobalSection
EndGlobal
